
Microsoft Visual Studio Solution File, Format Version 12.00
# Visual Studio 15
VisualStudioVersion = 15.0.28307.271
MinimumVisualStudioVersion = 10.0.40219.1
Project("{FAE04EC0-301F-11D3-BF4B-00C04F79EFBC}") = "FileCompressing", "FileCompressing.csproj", "{05278F69-66B5-49C9-989B-1808C1EA7449}"
EndProject
Global
	GlobalSection(SolutionConfigurationPlatforms) = preSolution
		Debug|Any CPU = Debug|Any CPU
		Release|Any CPU = Release|Any CPU
	EndGlobalSection
	GlobalSection(ProjectConfigurationPlatforms) = postSolution
		{05278F69-66B5-49C9-989B-1808C1EA7449}.Debug|Any CPU.ActiveCfg = Debug|Any CPU
		{05278F69-66B5-49C9-989B-1808C1EA7449}.Debug|Any CPU.Build.0 = Debug|Any CPU
		{05278F69-66B5-49C9-989B-1808C1EA7449}.Release|Any CPU.ActiveCfg = Release|Any CPU
		{05278F69-66B5-49C9-989B-1808C1EA7449}.Release|Any CPU.Build.0 = Release|Any CPU
	EndGlobalSection
	GlobalSection(SolutionProperties) = preSolution
		HideSolutionNode = FALSE
	EndGlobalSection
	GlobalSection(ExtensibilityGlobals) = postSolution
		SolutionGuid = {B7D22D2F-F75D-4B0F-BB04-A69F236E924D}
	EndGlobalSection
EndGlobal
